
Microsoft Visual Studio Solution File, Format Version 12.00
# Visual Studio Version 17
VisualStudioVersion = 17.9.34902.65
MinimumVisualStudioVersion = 10.0.40219.1
Project("{FAE04EC0-301F-11D3-BF4B-00C04F79EFBC}") = "ComandeRestAPI", "ComandeRestAPI.csproj", "{B3A1BBB8-D9E2-4871-9562-591F0262A045}"
EndProject
Global
	GlobalSection(SolutionConfigurationPlatforms) = preSolution
		Debug|Any CPU = Debug|Any CPU
		Release|Any CPU = Release|Any CPU
	EndGlobalSection
	GlobalSection(ProjectConfigurationPlatforms) = postSolution
		{B3A1BBB8-D9E2-4871-9562-591F0262A045}.Debug|Any CPU.ActiveCfg = Debug|Any CPU
		{B3A1BBB8-D9E2-4871-9562-591F0262A045}.Debug|Any CPU.Build.0 = Debug|Any CPU
		{B3A1BBB8-D9E2-4871-9562-591F0262A045}.Release|Any CPU.ActiveCfg = Release|Any CPU
		{B3A1BBB8-D9E2-4871-9562-591F0262A045}.Release|Any CPU.Build.0 = Release|Any CPU
	EndGlobalSection
	GlobalSection(SolutionProperties) = preSolution
		HideSolutionNode = FALSE
	EndGlobalSection
	GlobalSection(ExtensibilityGlobals) = postSolution
		SolutionGuid = {C7B67C76-DA8D-48F5-B590-442C64C41FC5}
	EndGlobalSection
EndGlobal
